
Microsoft Visual Studio Solution File, Format Version 12.00
# Visual Studio Version 16
VisualStudioVersion = 16.0.30225.117
MinimumVisualStudioVersion = 10.0.40219.1
Project("{FAE04EC0-301F-11D3-BF4B-00C04F79EFBC}") = "Modulo1", "Modulo1.csproj", "{3F45A790-D5CC-4A3B-921B-6EDD8B60A92A}"
EndProject
Global
	GlobalSection(SolutionConfigurationPlatforms) = preSolution
		Debug|Any CPU = Debug|Any CPU
		Release|Any CPU = Release|Any CPU
	EndGlobalSection
	GlobalSection(ProjectConfigurationPlatforms) = postSolution
		{3F45A790-D5CC-4A3B-921B-6EDD8B60A92A}.Debug|Any CPU.ActiveCfg = Debug|Any CPU
		{3F45A790-D5CC-4A3B-921B-6EDD8B60A92A}.Debug|Any CPU.Build.0 = Debug|Any CPU
		{3F45A790-D5CC-4A3B-921B-6EDD8B60A92A}.Release|Any CPU.ActiveCfg = Release|Any CPU
		{3F45A790-D5CC-4A3B-921B-6EDD8B60A92A}.Release|Any CPU.Build.0 = Release|Any CPU
	EndGlobalSection
	GlobalSection(SolutionProperties) = preSolution
		HideSolutionNode = FALSE
	EndGlobalSection
	GlobalSection(ExtensibilityGlobals) = postSolution
		SolutionGuid = {281FCA63-DF38-4EB4-871D-08662905B8DE}
	EndGlobalSection
EndGlobal
